<?xml version="1.0" encoding="utf-8"?>
<Project ToolsVersion="4.0" xmlns="http://schemas.microsoft.com/developer/msbuild/2003">
  <ItemGroup>
    <Filter Include="Исходные файлы">
      <UniqueIdentifier>{4FC737F1-C7A5-4376-A066-2A32D752A2FF}</UniqueIdentifier>
      <Extensions>cpp;c;cc;cxx;c++;cppm;ixx;def;odl;idl;hpj;bat;asm;asmx</Extensions>
    </Filter>
    <Filter Include="Файлы заголовков">
      <UniqueIdentifier>{93995380-89BD-4b04-88EB-625FBE52EBFB}</UniqueIdentifier>
      <Extensions>h;hh;hpp;hxx;h++;hm;inl;inc;ipp;xsd</Extensions>
    </Filter>
    <Filter Include="Файлы ресурсов">
      <UniqueIdentifier>{67DA6AB6-F800-4c08-8B7A-83BB121AAD01}</UniqueIdentifier>
      <Extensions>rc;ico;cur;bmp;dlg;rc2;rct;bin;rgs;gif;jpg;jpeg;jpe;resx;tiff;tif;png;wav;mfcribbon-ms</Extensions>
    </Filter>
  </ItemGroup>
  <ItemGroup>
    <ClCompile Include="main.cpp">
      <Filter>Исходные файлы</Filter>
    </ClCompile>
    <ClCompile Include="Manager.cpp">
      <Filter>Исходные файлы</Filter>
    </ClCompile>
    <ClCompile Include="Layer.cpp">
      <Filter>Исходные файлы</Filter>
    </ClCompile>
    <ClCompile Include="Level.cpp">
      <Filter>Исходные файлы</Filter>
    </ClCompile>
    <ClCompile Include="Audio.cpp">
      <Filter>Исходные файлы</Filter>
    </ClCompile>
    <ClCompile Include="GameObject.cpp">
      <Filter>Исходные файлы</Filter>
    </ClCompile>
    <ClCompile Include="Object.cpp">
      <Filter>Исходные файлы</Filter>
    </ClCompile>
    <ClCompile Include="MyDrawable.cpp">
      <Filter>Исходные файлы</Filter>
    </ClCompile>
    <ClCompile Include="Entity.cpp">
      <Filter>Исходные файлы</Filter>
    </ClCompile>
    <ClCompile Include="WalkingEnemy.cpp">
      <Filter>Исходные файлы</Filter>
    </ClCompile>
    <ClCompile Include="HidingEnemy.cpp">
      <Filter>Исходные файлы</Filter>
    </ClCompile>
    <ClCompile Include="Arrow.cpp">
      <Filter>Исходные файлы</Filter>
    </ClCompile>
    <ClCompile Include="Bomb.cpp">
      <Filter>Исходные файлы</Filter>
    </ClCompile>
    <ClCompile Include="Player.cpp">
      <Filter>Исходные файлы</Filter>
    </ClCompile>
    <ClCompile Include="Medal.cpp">
      <Filter>Исходные файлы</Filter>
    </ClCompile>
    <ClCompile Include="Medal1.cpp">
      <Filter>Исходные файлы</Filter>
    </ClCompile>
    <ClCompile Include="Medal2.cpp">
      <Filter>Исходные файлы</Filter>
    </ClCompile>
    <ClCompile Include="Medal3.cpp">
      <Filter>Исходные файлы</Filter>
    </ClCompile>
    <ClCompile Include="Medal4.cpp">
      <Filter>Исходные файлы</Filter>
    </ClCompile>
    <ClCompile Include="Medal5.cpp">
      <Filter>Исходные файлы</Filter>
    </ClCompile>
    <ClCompile Include="Medal6.cpp">
      <Filter>Исходные файлы</Filter>
    </ClCompile>
    <ClCompile Include="Skills.cpp">
      <Filter>Исходные файлы</Filter>
    </ClCompile>
    <ClCompile Include="PlatformDisappearing.cpp">
      <Filter>Исходные файлы</Filter>
    </ClCompile>
    <ClCompile Include="PlatformFalling.cpp">
      <Filter>Исходные файлы</Filter>
    </ClCompile>
    <ClCompile Include="PlatformSliding.cpp">
      <Filter>Исходные файлы</Filter>
    </ClCompile>
    <ClCompile Include="PlatformUsual.cpp">
      <Filter>Исходные файлы</Filter>
    </ClCompile>
    <ClCompile Include="Box.cpp">
      <Filter>Исходные файлы</Filter>
    </ClCompile>
    <ClCompile Include="tinystr.cpp">
      <Filter>Исходные файлы</Filter>
    </ClCompile>
    <ClCompile Include="tinyxml.cpp">
      <Filter>Исходные файлы</Filter>
    </ClCompile>
    <ClCompile Include="tinyxmlerror.cpp">
      <Filter>Исходные файлы</Filter>
    </ClCompile>
    <ClCompile Include="tinyxmlparser.cpp">
      <Filter>Исходные файлы</Filter>
    </ClCompile>
  </ItemGroup>
  <ItemGroup>
    <ClInclude Include="Manager.h">
      <Filter>Файлы заголовков</Filter>
    </ClInclude>
    <ClInclude Include="Layer.h">
      <Filter>Файлы заголовков</Filter>
    </ClInclude>
    <ClInclude Include="Level.h">
      <Filter>Файлы заголовков</Filter>
    </ClInclude>
    <ClInclude Include="Audio.h">
      <Filter>Файлы заголовков</Filter>
    </ClInclude>
    <ClInclude Include="GameObject.h">
      <Filter>Файлы заголовков</Filter>
    </ClInclude>
    <ClInclude Include="Object.h">
      <Filter>Файлы заголовков</Filter>
    </ClInclude>
    <ClInclude Include="MyDrawable.h">
      <Filter>Файлы заголовков</Filter>
    </ClInclude>
    <ClInclude Include="Entity.h">
      <Filter>Файлы заголовков</Filter>
    </ClInclude>
    <ClInclude Include="HidingEnemy.h">
      <Filter>Файлы заголовков</Filter>
    </ClInclude>
    <ClInclude Include="Arrow.h">
      <Filter>Файлы заголовков</Filter>
    </ClInclude>
    <ClInclude Include="Bomb.h">
      <Filter>Файлы заголовков</Filter>
    </ClInclude>
    <ClInclude Include="Player.h">
      <Filter>Файлы заголовков</Filter>
    </ClInclude>
    <ClInclude Include="Medal.h">
      <Filter>Файлы заголовков</Filter>
    </ClInclude>
    <ClInclude Include="Medal1.h">
      <Filter>Файлы заголовков</Filter>
    </ClInclude>
    <ClInclude Include="Medal2.h">
      <Filter>Файлы заголовков</Filter>
    </ClInclude>
    <ClInclude Include="Medal3.h">
      <Filter>Файлы заголовков</Filter>
    </ClInclude>
    <ClInclude Include="Medal4.h">
      <Filter>Файлы заголовков</Filter>
    </ClInclude>
    <ClInclude Include="Medal5.h">
      <Filter>Файлы заголовков</Filter>
    </ClInclude>
    <ClInclude Include="Medal6.h">
      <Filter>Файлы заголовков</Filter>
    </ClInclude>
    <ClInclude Include="Skills.h">
      <Filter>Файлы заголовков</Filter>
    </ClInclude>
    <ClInclude Include="PlatformDisappearing.h">
      <Filter>Файлы заголовков</Filter>
    </ClInclude>
    <ClInclude Include="PlatformFalling.h">
      <Filter>Файлы заголовков</Filter>
    </ClInclude>
    <ClInclude Include="PlatformSliding.h">
      <Filter>Файлы заголовков</Filter>
    </ClInclude>
    <ClInclude Include="PlatformUsual.h">
      <Filter>Файлы заголовков</Filter>
    </ClInclude>
    <ClInclude Include="Box.h">
      <Filter>Файлы заголовков</Filter>
    </ClInclude>
    <ClInclude Include="tinystr.h">
      <Filter>Файлы заголовков</Filter>
    </ClInclude>
    <ClInclude Include="tinyxml.h">
      <Filter>Файлы заголовков</Filter>
    </ClInclude>
    <ClInclude Include="Message.h">
      <Filter>Файлы заголовков</Filter>
    </ClInclude>
    <ClInclude Include="WalkingEnemy.h">
      <Filter>Файлы заголовков</Filter>
    </ClInclude>
  </ItemGroup>
</Project>